
Microsoft Visual Studio Solution File, Format Version 12.00
# Visual Studio Version 16
VisualStudioVersion = 16.0.31129.286
MinimumVisualStudioVersion = 10.0.40219.1
Project("{FAE04EC0-301F-11D3-BF4B-00C04F79EFBC}") = "BasicProgramming2", "BasicProgramming2\BasicProgramming2.csproj", "{03897F8D-FA61-40BE-B48B-B8D64B71B715}"
EndProject
Global
	GlobalSection(SolutionConfigurationPlatforms) = preSolution
		Debug|Any CPU = Debug|Any CPU
		Release|Any CPU = Release|Any CPU
	EndGlobalSection
	GlobalSection(ProjectConfigurationPlatforms) = postSolution
		{03897F8D-FA61-40BE-B48B-B8D64B71B715}.Debug|Any CPU.ActiveCfg = Debug|Any CPU
		{03897F8D-FA61-40BE-B48B-B8D64B71B715}.Debug|Any CPU.Build.0 = Debug|Any CPU
		{03897F8D-FA61-40BE-B48B-B8D64B71B715}.Release|Any CPU.ActiveCfg = Release|Any CPU
		{03897F8D-FA61-40BE-B48B-B8D64B71B715}.Release|Any CPU.Build.0 = Release|Any CPU
	EndGlobalSection
	GlobalSection(SolutionProperties) = preSolution
		HideSolutionNode = FALSE
	EndGlobalSection
	GlobalSection(ExtensibilityGlobals) = postSolution
		SolutionGuid = {CD1789AB-5547-439D-82D6-1118114657E5}
	EndGlobalSection
EndGlobal
